// !$*UTF8*$!
{
	archiveVersion = 1;
	classes = {
	};
	objectVersion = 56;
	objects = {

/* Begin PBXBuildFile section */
		5268450B2BE39CC700403BFC /* RestoRecoApp.swift in Sources */ = {isa = PBXBuildFile; fileRef = 5268450A2BE39CC700403BFC /* RestoRecoApp.swift */; };
		5268450D2BE39CC700403BFC /* MenuView.swift in Sources */ = {isa = PBXBuildFile; fileRef = 5268450C2BE39CC700403BFC /* MenuView.swift */; };
		5268450F2BE39CC900403BFC /* Assets.xcassets in Resources */ = {isa = PBXBuildFile; fileRef = 5268450E2BE39CC900403BFC /* Assets.xcassets */; };
		526845122BE39CC900403BFC /* Preview Assets.xcassets in Resources */ = {isa = PBXBuildFile; fileRef = 526845112BE39CC900403BFC /* Preview Assets.xcassets */; };
		5268451D2BE39D0F00403BFC /* YelpFusionAPI.swift in Sources */ = {isa = PBXBuildFile; fileRef = 5268451C2BE39D0F00403BFC /* YelpFusionAPI.swift */; };
		5268451F2BE3B1D000403BFC /* RestaurantModel.swift in Sources */ = {isa = PBXBuildFile; fileRef = 5268451E2BE3B1D000403BFC /* RestaurantModel.swift */; };
		526A2EEB2BE8BDB700A6CE7A /* RestoViewModel.swift in Sources */ = {isa = PBXBuildFile; fileRef = 526A2EEA2BE8BDB700A6CE7A /* RestoViewModel.swift */; };
		526A2EED2BE8CAB500A6CE7A /* RestaurantDetailsView.swift in Sources */ = {isa = PBXBuildFile; fileRef = 526A2EEC2BE8CAB500A6CE7A /* RestaurantDetailsView.swift */; };
		526A2EEF2BE8CADD00A6CE7A /* TopOrBottomView.swift in Sources */ = {isa = PBXBuildFile; fileRef = 526A2EEE2BE8CADD00A6CE7A /* TopOrBottomView.swift */; };
		526A2EF12BE8CAF900A6CE7A /* ShuffleView.swift in Sources */ = {isa = PBXBuildFile; fileRef = 526A2EF02BE8CAF900A6CE7A /* ShuffleView.swift */; };
		526A2EF32BE8CB0400A6CE7A /* PlannerView.swift in Sources */ = {isa = PBXBuildFile; fileRef = 526A2EF22BE8CB0400A6CE7A /* PlannerView.swift */; };
/* End PBXBuildFile section */

/* Begin PBXFileReference section */
		526845072BE39CC700403BFC /* RestoReco.app */ = {isa = PBXFileReference; explicitFileType = wrapper.application; includeInIndex = 0; path = RestoReco.app; sourceTree = BUILT_PRODUCTS_DIR; };
		5268450A2BE39CC700403BFC /* RestoRecoApp.swift */ = {isa = PBXFileReference; lastKnownFileType = sourcecode.swift; path = RestoRecoApp.swift; sourceTree = "<group>"; };
		5268450C2BE39CC700403BFC /* MenuView.swift */ = {isa = PBXFileReference; lastKnownFileType = sourcecode.swift; path = MenuView.swift; sourceTree = "<group>"; };
		5268450E2BE39CC900403BFC /* Assets.xcassets */ = {isa = PBXFileReference; lastKnownFileType = folder.assetcatalog; path = Assets.xcassets; sourceTree = "<group>"; };
		526845112BE39CC900403BFC /* Preview Assets.xcassets */ = {isa = PBXFileReference; lastKnownFileType = folder.assetcatalog; path = "Preview Assets.xcassets"; sourceTree = "<group>"; };
		5268451C2BE39D0F00403BFC /* YelpFusionAPI.swift */ = {isa = PBXFileReference; lastKnownFileType = sourcecode.swift; path = YelpFusionAPI.swift; sourceTree = "<group>"; };
		5268451E2BE3B1D000403BFC /* RestaurantModel.swift */ = {isa = PBXFileReference; lastKnownFileType = sourcecode.swift; path = RestaurantModel.swift; sourceTree = "<group>"; };
		526A2EEA2BE8BDB700A6CE7A /* RestoViewModel.swift */ = {isa = PBXFileReference; lastKnownFileType = sourcecode.swift; path = RestoViewModel.swift; sourceTree = "<group>"; };
		526A2EEC2BE8CAB500A6CE7A /* RestaurantDetailsView.swift */ = {isa = PBXFileReference; lastKnownFileType = sourcecode.swift; path = RestaurantDetailsView.swift; sourceTree = "<group>"; };
		526A2EEE2BE8CADD00A6CE7A /* TopOrBottomView.swift */ = {isa = PBXFileReference; lastKnownFileType = sourcecode.swift; path = TopOrBottomView.swift; sourceTree = "<group>"; };
		526A2EF02BE8CAF900A6CE7A /* ShuffleView.swift */ = {isa = PBXFileReference; lastKnownFileType = sourcecode.swift; path = ShuffleView.swift; sourceTree = "<group>"; };
		526A2EF22BE8CB0400A6CE7A /* PlannerView.swift */ = {isa = PBXFileReference; lastKnownFileType = sourcecode.swift; path = PlannerView.swift; sourceTree = "<group>"; };
/* End PBXFileReference section */

/* Begin PBXFrameworksBuildPhase section */
		526845042BE39CC700403BFC /* Frameworks */ = {
			isa = PBXFrameworksBuildPhase;
			buildActionMask = 2147483647;
			files = (
			);
			runOnlyForDeploymentPostprocessing = 0;
		};
/* End PBXFrameworksBuildPhase section */

/* Begin PBXGroup section */
		526844FE2BE39CC700403BFC = {
			isa = PBXGroup;
			children = (
				526845092BE39CC700403BFC /* RestoReco */,
				526845082BE39CC700403BFC /* Products */,
			);
			sourceTree = "<group>";
		};
		526845082BE39CC700403BFC /* Products */ = {
			isa = PBXGroup;
			children = (
				526845072BE39CC700403BFC /* RestoReco.app */,
			);
			name = Products;
			sourceTree = "<group>";
		};
		526845092BE39CC700403BFC /* RestoReco */ = {
			isa = PBXGroup;
			children = (
				526845192BE39CD400403BFC /* View */,
				5268451A2BE39CD800403BFC /* ViewModel */,
				526845182BE39CCF00403BFC /* Model */,
				5268451B2BE39CDC00403BFC /* Services */,
				5268450A2BE39CC700403BFC /* RestoRecoApp.swift */,
				5268450E2BE39CC900403BFC /* Assets.xcassets */,
				526845102BE39CC900403BFC /* Preview Content */,
			);
			path = RestoReco;
			sourceTree = "<group>";
		};
		526845102BE39CC900403BFC /* Preview Content */ = {
			isa = PBXGroup;
			children = (
				526845112BE39CC900403BFC /* Preview Assets.xcassets */,
			);
			path = "Preview Content";
			sourceTree = "<group>";
		};
		526845182BE39CCF00403BFC /* Model */ = {
			isa = PBXGroup;
			children = (
				5268451E2BE3B1D000403BFC /* RestaurantModel.swift */,
			);
			path = Model;
			sourceTree = "<group>";
		};
		526845192BE39CD400403BFC /* View */ = {
			isa = PBXGroup;
			children = (
				5268450C2BE39CC700403BFC /* MenuView.swift */,
				526A2EEC2BE8CAB500A6CE7A /* RestaurantDetailsView.swift */,
				526A2EEE2BE8CADD00A6CE7A /* TopOrBottomView.swift */,
				526A2EF02BE8CAF900A6CE7A /* ShuffleView.swift */,
				526A2EF22BE8CB0400A6CE7A /* PlannerView.swift */,
			);
			path = View;
			sourceTree = "<group>";
		};
		5268451A2BE39CD800403BFC /* ViewModel */ = {
			isa = PBXGroup;
			children = (
				526A2EEA2BE8BDB700A6CE7A /* RestoViewModel.swift */,
			);
			path = ViewModel;
			sourceTree = "<group>";
		};
		5268451B2BE39CDC00403BFC /* Services */ = {
			isa = PBXGroup;
			children = (
				5268451C2BE39D0F00403BFC /* YelpFusionAPI.swift */,
			);
			path = Services;
			sourceTree = "<group>";
		};
/* End PBXGroup section */

/* Begin PBXNativeTarget section */
		526845062BE39CC700403BFC /* RestoReco */ = {
			isa = PBXNativeTarget;
			buildConfigurationList = 526845152BE39CC900403BFC /* Build configuration list for PBXNativeTarget "RestoReco" */;
			buildPhases = (
				526845032BE39CC700403BFC /* Sources */,
				526845042BE39CC700403BFC /* Frameworks */,
				526845052BE39CC700403BFC /* Resources */,
			);
			buildRules = (
			);
			dependencies = (
			);
			name = RestoReco;
			productName = RestoReco;
			productReference = 526845072BE39CC700403BFC /* RestoReco.app */;
			productType = "com.apple.product-type.application";
		};
/* End PBXNativeTarget section */

/* Begin PBXProject section */
		526844FF2BE39CC700403BFC /* Project object */ = {
			isa = PBXProject;
			attributes = {
				BuildIndependentTargetsInParallel = 1;
				LastSwiftUpdateCheck = 1530;
				LastUpgradeCheck = 1530;
				TargetAttributes = {
					526845062BE39CC700403BFC = {
						CreatedOnToolsVersion = 15.3;
					};
				};
			};
			buildConfigurationList = 526845022BE39CC700403BFC /* Build configuration list for PBXProject "RestoReco" */;
			compatibilityVersion = "Xcode 14.0";
			developmentRegion = en;
			hasScannedForEncodings = 0;
			knownRegions = (
				en,
				Base,
			);
			mainGroup = 526844FE2BE39CC700403BFC;
			productRefGroup = 526845082BE39CC700403BFC /* Products */;
			projectDirPath = "";
			projectRoot = "";
			targets = (
				526845062BE39CC700403BFC /* RestoReco */,
			);
		};
/* End PBXProject section */

/* Begin PBXResourcesBuildPhase section */
		526845052BE39CC700403BFC /* Resources */ = {
			isa = PBXResourcesBuildPhase;
			buildActionMask = 2147483647;
			files = (
				526845122BE39CC900403BFC /* Preview Assets.xcassets in Resources */,
				5268450F2BE39CC900403BFC /* Assets.xcassets in Resources */,
			);
			runOnlyForDeploymentPostprocessing = 0;
		};
/* End PBXResourcesBuildPhase section */

/* Begin PBXSourcesBuildPhase section */
		526845032BE39CC700403BFC /* Sources */ = {
			isa = PBXSourcesBuildPhase;
			buildActionMask = 2147483647;
			files = (
				526A2EEF2BE8CADD00A6CE7A /* TopOrBottomView.swift in Sources */,
				5268451D2BE39D0F00403BFC /* YelpFusionAPI.swift in Sources */,
				5268450D2BE39CC700403BFC /* MenuView.swift in Sources */,
				5268451F2BE3B1D000403BFC /* RestaurantModel.swift in Sources */,
				526A2EF12BE8CAF900A6CE7A /* ShuffleView.swift in Sources */,
				526A2EF32BE8CB0400A6CE7A /* PlannerView.swift in Sources */,
				526A2EEB2BE8BDB700A6CE7A /* RestoViewModel.swift in Sources */,
				526A2EED2BE8CAB500A6CE7A /* RestaurantDetailsView.swift in Sources */,
				5268450B2BE39CC700403BFC /* RestoRecoApp.swift in Sources */,
			);
			runOnlyForDeploymentPostprocessing = 0;
		};
/* End PBXSourcesBuildPhase section */

/* Begin XCBuildConfiguration section */
		526845132BE39CC900403BFC /* Debug */ = {
			isa = XCBuildConfiguration;
			buildSettings = {
				ALWAYS_SEARCH_USER_PATHS = NO;
				ASSETCATALOG_COMPILER_GENERATE_SWIFT_ASSET_SYMBOL_EXTENSIONS = YES;
				CLANG_ANALYZER_NONNULL = YES;
				CLANG_ANALYZER_NUMBER_OBJECT_CONVERSION = YES_AGGRESSIVE;
				CLANG_CXX_LANGUAGE_STANDARD = "gnu++20";
				CLANG_ENABLE_MODULES = YES;
				CLANG_ENABLE_OBJC_ARC = YES;
				CLANG_ENABLE_OBJC_WEAK = YES;
				CLANG_WARN_BLOCK_CAPTURE_AUTORELEASING = YES;
				CLANG_WARN_BOOL_CONVERSION = YES;
				CLANG_WARN_COMMA = YES;
				CLANG_WARN_CONSTANT_CONVERSION = YES;
				CLANG_WARN_DEPRECATED_OBJC_IMPLEMENTATIONS = YES;
				CLANG_WARN_DIRECT_OBJC_ISA_USAGE = YES_ERROR;
				CLANG_WARN_DOCUMENTATION_COMMENTS = YES;
				CLANG_WARN_EMPTY_BODY = YES;
				CLANG_WARN_ENUM_CONVERSION = YES;
				CLANG_WARN_INFINITE_RECURSION = YES;
				CLANG_WARN_INT_CONVERSION = YES;
				CLANG_WARN_NON_LITERAL_NULL_CONVERSION = YES;
				CLANG_WARN_OBJC_IMPLICIT_RETAIN_SELF = YES;
				CLANG_WARN_OBJC_LITERAL_CONVERSION = YES;
				CLANG_WARN_OBJC_ROOT_CLASS = YES_ERROR;
				CLANG_WARN_QUOTED_INCLUDE_IN_FRAMEWORK_HEADER = YES;
				CLANG_WARN_RANGE_LOOP_ANALYSIS = YES;
				CLANG_WARN_STRICT_PROTOTYPES = YES;
				CLANG_WARN_SUSPICIOUS_MOVE = YES;
				CLANG_WARN_UNGUARDED_AVAILABILITY = YES_AGGRESSIVE;
				CLANG_WARN_UNREACHABLE_CODE = YES;
				CLANG_WARN__DUPLICATE_METHOD_MATCH = YES;
				COPY_PHASE_STRIP = NO;
				DEBUG_INFORMATION_FORMAT = dwarf;
				ENABLE_STRICT_OBJC_MSGSEND = YES;
				ENABLE_TESTABILITY = YES;
				ENABLE_USER_SCRIPT_SANDBOXING = YES;
				GCC_C_LANGUAGE_STANDARD = gnu17;
				GCC_DYNAMIC_NO_PIC = NO;
				GCC_NO_COMMON_BLOCKS = YES;
				GCC_OPTIMIZATION_LEVEL = 0;
				GCC_PREPROCESSOR_DEFINITIONS = (
					"DEBUG=1",
					"$(inherited)",
				);
				GCC_WARN_64_TO_32_BIT_CONVERSION = YES;
				GCC_WARN_ABOUT_RETURN_TYPE = YES_ERROR;
				GCC_WARN_UNDECLARED_SELECTOR = YES;
				GCC_WARN_UNINITIALIZED_AUTOS = YES_AGGRESSIVE;
				GCC_WARN_UNUSED_FUNCTION = YES;
				GCC_WARN_UNUSED_VARIABLE = YES;
				IPHONEOS_DEPLOYMENT_TARGET = 17.4;
				LOCALIZATION_PREFERS_STRING_CATALOGS = YES;
				MTL_ENABLE_DEBUG_INFO = INCLUDE_SOURCE;
				MTL_FAST_MATH = YES;
				ONLY_ACTIVE_ARCH = YES;
				SDKROOT = iphoneos;
				SWIFT_ACTIVE_COMPILATION_CONDITIONS = "DEBUG $(inherited)";
				SWIFT_OPTIMIZATION_LEVEL = "-Onone";
			};
			name = Debug;
		};
		526845142BE39CC900403BFC /* Release */ = {
			isa = XCBuildConfiguration;
			buildSettings = {
				ALWAYS_SEARCH_USER_PATHS = NO;
				ASSETCATALOG_COMPILER_GENERATE_SWIFT_ASSET_SYMBOL_EXTENSIONS = YES;
				CLANG_ANALYZER_NONNULL = YES;
				CLANG_ANALYZER_NUMBER_OBJECT_CONVERSION = YES_AGGRESSIVE;
				CLANG_CXX_LANGUAGE_STANDARD = "gnu++20";
				CLANG_ENABLE_MODULES = YES;
				CLANG_ENABLE_OBJC_ARC = YES;
				CLANG_ENABLE_OBJC_WEAK = YES;
				CLANG_WARN_BLOCK_CAPTURE_AUTORELEASING = YES;
				CLANG_WARN_BOOL_CONVERSION = YES;
				CLANG_WARN_COMMA = YES;
				CLANG_WARN_CONSTANT_CONVERSION = YES;
				CLANG_WARN_DEPRECATED_OBJC_IMPLEMENTATIONS = YES;
				CLANG_WARN_DIRECT_OBJC_ISA_USAGE = YES_ERROR;
				CLANG_WARN_DOCUMENTATION_COMMENTS = YES;
				CLANG_WARN_EMPTY_BODY = YES;
				CLANG_WARN_ENUM_CONVERSION = YES;
				CLANG_WARN_INFINITE_RECURSION = YES;
				CLANG_WARN_INT_CONVERSION = YES;
				CLANG_WARN_NON_LITERAL_NULL_CONVERSION = YES;
				CLANG_WARN_OBJC_IMPLICIT_RETAIN_SELF = YES;
				CLANG_WARN_OBJC_LITERAL_CONVERSION = YES;
				CLANG_WARN_OBJC_ROOT_CLASS = YES_ERROR;
				CLANG_WARN_QUOTED_INCLUDE_IN_FRAMEWORK_HEADER = YES;
				CLANG_WARN_RANGE_LOOP_ANALYSIS = YES;
				CLANG_WARN_STRICT_PROTOTYPES = YES;
				CLANG_WARN_SUSPICIOUS_MOVE = YES;
				CLANG_WARN_UNGUARDED_AVAILABILITY = YES_AGGRESSIVE;
				CLANG_WARN_UNREACHABLE_CODE = YES;
				CLANG_WARN__DUPLICATE_METHOD_MATCH = YES;
				COPY_PHASE_STRIP = NO;
				DEBUG_INFORMATION_FORMAT = "dwarf-with-dsym";
				ENABLE_NS_ASSERTIONS = NO;
				ENABLE_STRICT_OBJC_MSGSEND = YES;
				ENABLE_USER_SCRIPT_SANDBOXING = YES;
				GCC_C_LANGUAGE_STANDARD = gnu17;
				GCC_NO_COMMON_BLOCKS = YES;
				GCC_WARN_64_TO_32_BIT_CONVERSION = YES;
				GCC_WARN_ABOUT_RETURN_TYPE = YES_ERROR;
				GCC_WARN_UNDECLARED_SELECTOR = YES;
				GCC_WARN_UNINITIALIZED_AUTOS = YES_AGGRESSIVE;
				GCC_WARN_UNUSED_FUNCTION = YES;
				GCC_WARN_UNUSED_VARIABLE = YES;
				IPHONEOS_DEPLOYMENT_TARGET = 17.4;
				LOCALIZATION_PREFERS_STRING_CATALOGS = YES;
				MTL_ENABLE_DEBUG_INFO = NO;
				MTL_FAST_MATH = YES;
				SDKROOT = iphoneos;
				SWIFT_COMPILATION_MODE = wholemodule;
				VALIDATE_PRODUCT = YES;
			};
			name = Release;
		};
		526845162BE39CC900403BFC /* Debug */ = {
			isa = XCBuildConfiguration;
			buildSettings = {
				ASSETCATALOG_COMPILER_APPICON_NAME = AppIcon;
				ASSETCATALOG_COMPILER_GLOBAL_ACCENT_COLOR_NAME = AccentColor;
				CODE_SIGN_STYLE = Automatic;
				CURRENT_PROJECT_VERSION = 1;
				DEVELOPMENT_ASSET_PATHS = "\"RestoReco/Preview Content\"";
				DEVELOPMENT_TEAM = XNL3PSA6AZ;
				ENABLE_PREVIEWS = YES;
				GENERATE_INFOPLIST_FILE = YES;
				INFOPLIST_KEY_UIApplicationSceneManifest_Generation = YES;
				INFOPLIST_KEY_UIApplicationSupportsIndirectInputEvents = YES;
				INFOPLIST_KEY_UILaunchScreen_Generation = YES;
				INFOPLIST_KEY_UISupportedInterfaceOrientations_iPad = "UIInterfaceOrientationPortrait UIInterfaceOrientationPortraitUpsideDown UIInterfaceOrientationLandscapeLeft UIInterfaceOrientationLandscapeRight";
				INFOPLIST_KEY_UISupportedInterfaceOrientations_iPhone = "UIInterfaceOrientationPortrait UIInterfaceOrientationLandscapeLeft UIInterfaceOrientationLandscapeRight";
				LD_RUNPATH_SEARCH_PATHS = (
					"$(inherited)",
					"@executable_path/Frameworks",
				);
				MARKETING_VERSION = 1.0;
				MTL_ENABLE_DEBUG_INFO = INCLUDE_SOURCE;
				PRODUCT_BUNDLE_IDENTIFIER = au.edu.uts.RestoReco;
				PRODUCT_NAME = "$(TARGET_NAME)";
				SWIFT_EMIT_LOC_STRINGS = YES;
				SWIFT_VERSION = 5.0;
				TARGETED_DEVICE_FAMILY = "1,2";
			};
			name = Debug;
		};
		526845172BE39CC900403BFC /* Release */ = {
			isa = XCBuildConfiguration;
			buildSettings = {
				ASSETCATALOG_COMPILER_APPICON_NAME = AppIcon;
				ASSETCATALOG_COMPILER_GLOBAL_ACCENT_COLOR_NAME = AccentColor;
				CODE_SIGN_STYLE = Automatic;
				CURRENT_PROJECT_VERSION = 1;
				DEVELOPMENT_ASSET_PATHS = "\"RestoReco/Preview Content\"";
				DEVELOPMENT_TEAM = XNL3PSA6AZ;
				ENABLE_PREVIEWS = YES;
				GENERATE_INFOPLIST_FILE = YES;
				INFOPLIST_KEY_UIApplicationSceneManifest_Generation = YES;
				INFOPLIST_KEY_UIApplicationSupportsIndirectInputEvents = YES;
				INFOPLIST_KEY_UILaunchScreen_Generation = YES;
				INFOPLIST_KEY_UISupportedInterfaceOrientations_iPad = "UIInterfaceOrientationPortrait UIInterfaceOrientationPortraitUpsideDown UIInterfaceOrientationLandscapeLeft UIInterfaceOrientationLandscapeRight";
				INFOPLIST_KEY_UISupportedInterfaceOrientations_iPhone = "UIInterfaceOrientationPortrait UIInterfaceOrientationLandscapeLeft UIInterfaceOrientationLandscapeRight";
				LD_RUNPATH_SEARCH_PATHS = (
					"$(inherited)",
					"@executable_path/Frameworks",
				);
				MARKETING_VERSION = 1.0;
				PRODUCT_BUNDLE_IDENTIFIER = au.edu.uts.RestoReco;
				PRODUCT_NAME = "$(TARGET_NAME)";
				SWIFT_EMIT_LOC_STRINGS = YES;
				SWIFT_VERSION = 5.0;
				TARGETED_DEVICE_FAMILY = "1,2";
			};
			name = Release;
		};
/* End XCBuildConfiguration section */

/* Begin XCConfigurationList section */
		526845022BE39CC700403BFC /* Build configuration list for PBXProject "RestoReco" */ = {
			isa = XCConfigurationList;
			buildConfigurations = (
				526845132BE39CC900403BFC /* Debug */,
				526845142BE39CC900403BFC /* Release */,
			);
			defaultConfigurationIsVisible = 0;
			defaultConfigurationName = Release;
		};
		526845152BE39CC900403BFC /* Build configuration list for PBXNativeTarget "RestoReco" */ = {
			isa = XCConfigurationList;
			buildConfigurations = (
				526845162BE39CC900403BFC /* Debug */,
				526845172BE39CC900403BFC /* Release */,
			);
			defaultConfigurationIsVisible = 0;
			defaultConfigurationName = Release;
		};
/* End XCConfigurationList section */
	};
	rootObject = 526844FF2BE39CC700403BFC /* Project object */;
}
